
Microsoft Visual Studio Solution File, Format Version 12.00
# Visual Studio Version 16
VisualStudioVersion = 16.0.29020.237
MinimumVisualStudioVersion = 10.0.40219.1
Project("{9A19103F-16F7-4668-BE54-9A1E7A4F7556}") = "APIDemo_DemoLauncher", "DemoLauncher\APIDemo_DemoLauncher.csproj", "{20C14C30-4C99-4880-83AC-7F79F5E34A67}"
EndProject
Project("{9A19103F-16F7-4668-BE54-9A1E7A4F7556}") = "ObakeUDPTest", "ObakeUDPTest\ObakeUDPTest.csproj", "{8F5F1B77-DFEF-4F35-A036-803ACFC11D25}"
EndProject
Global
	GlobalSection(SolutionConfigurationPlatforms) = preSolution
		Debug|Any CPU = Debug|Any CPU
		Release|Any CPU = Release|Any CPU
	EndGlobalSection
	GlobalSection(ProjectConfigurationPlatforms) = postSolution
		{20C14C30-4C99-4880-83AC-7F79F5E34A67}.Debug|Any CPU.ActiveCfg = Debug|Any CPU
		{20C14C30-4C99-4880-83AC-7F79F5E34A67}.Debug|Any CPU.Build.0 = Debug|Any CPU
		{20C14C30-4C99-4880-83AC-7F79F5E34A67}.Release|Any CPU.ActiveCfg = Release|Any CPU
		{20C14C30-4C99-4880-83AC-7F79F5E34A67}.Release|Any CPU.Build.0 = Release|Any CPU
		{8F5F1B77-DFEF-4F35-A036-803ACFC11D25}.Debug|Any CPU.ActiveCfg = Debug|Any CPU
		{8F5F1B77-DFEF-4F35-A036-803ACFC11D25}.Debug|Any CPU.Build.0 = Debug|Any CPU
		{8F5F1B77-DFEF-4F35-A036-803ACFC11D25}.Release|Any CPU.ActiveCfg = Release|Any CPU
		{8F5F1B77-DFEF-4F35-A036-803ACFC11D25}.Release|Any CPU.Build.0 = Release|Any CPU
	EndGlobalSection
	GlobalSection(SolutionProperties) = preSolution
		HideSolutionNode = FALSE
	EndGlobalSection
	GlobalSection(ExtensibilityGlobals) = postSolution
		SolutionGuid = {EA2436FD-5BF9-4A4D-A209-EB0E9EE8F35E}
	EndGlobalSection
EndGlobal
